
Microsoft Visual Studio Solution File, Format Version 12.00
# Visual Studio Version 17
VisualStudioVersion = 17.13.35806.99
MinimumVisualStudioVersion = 10.0.40219.1
Project("{FAE04EC0-301F-11D3-BF4B-00C04F79EFBC}") = "Manhwa.WebAPI", "Manhwa.WebAPI.csproj", "{51341F20-2107-48D5-9BD8-D4FDE89E7C78}"
EndProject
Project("{FAE04EC0-301F-11D3-BF4B-00C04F79EFBC}") = "Manhwa.Domain", "..\Manhwa.Domain\Manhwa.Domain.csproj", "{C99AD8CB-E8BB-40BF-AD7C-BDF5C987F1D1}"
EndProject
Project("{FAE04EC0-301F-11D3-BF4B-00C04F79EFBC}") = "Manhwa.Application", "..\Manhwa.Application\Manhwa.Application.csproj", "{4629FA81-AB73-4AA8-9AD1-6F677C1D2D50}"
EndProject
Project("{FAE04EC0-301F-11D3-BF4B-00C04F79EFBC}") = "Manhwa.Infrastructure", "..\Manhwa.Infrastructure\Manhwa.Infrastructure.csproj", "{0ED3486E-9502-4C59-AB4E-FA26F748D5A4}"
EndProject
Global
	GlobalSection(SolutionConfigurationPlatforms) = preSolution
		Debug|Any CPU = Debug|Any CPU
		Release|Any CPU = Release|Any CPU
	EndGlobalSection
	GlobalSection(ProjectConfigurationPlatforms) = postSolution
		{51341F20-2107-48D5-9BD8-D4FDE89E7C78}.Debug|Any CPU.ActiveCfg = Debug|Any CPU
		{51341F20-2107-48D5-9BD8-D4FDE89E7C78}.Debug|Any CPU.Build.0 = Debug|Any CPU
		{51341F20-2107-48D5-9BD8-D4FDE89E7C78}.Release|Any CPU.ActiveCfg = Release|Any CPU
		{51341F20-2107-48D5-9BD8-D4FDE89E7C78}.Release|Any CPU.Build.0 = Release|Any CPU
		{C99AD8CB-E8BB-40BF-AD7C-BDF5C987F1D1}.Debug|Any CPU.ActiveCfg = Debug|Any CPU
		{C99AD8CB-E8BB-40BF-AD7C-BDF5C987F1D1}.Debug|Any CPU.Build.0 = Debug|Any CPU
		{C99AD8CB-E8BB-40BF-AD7C-BDF5C987F1D1}.Release|Any CPU.ActiveCfg = Release|Any CPU
		{C99AD8CB-E8BB-40BF-AD7C-BDF5C987F1D1}.Release|Any CPU.Build.0 = Release|Any CPU
		{4629FA81-AB73-4AA8-9AD1-6F677C1D2D50}.Debug|Any CPU.ActiveCfg = Debug|Any CPU
		{4629FA81-AB73-4AA8-9AD1-6F677C1D2D50}.Debug|Any CPU.Build.0 = Debug|Any CPU
		{4629FA81-AB73-4AA8-9AD1-6F677C1D2D50}.Release|Any CPU.ActiveCfg = Release|Any CPU
		{4629FA81-AB73-4AA8-9AD1-6F677C1D2D50}.Release|Any CPU.Build.0 = Release|Any CPU
		{0ED3486E-9502-4C59-AB4E-FA26F748D5A4}.Debug|Any CPU.ActiveCfg = Debug|Any CPU
		{0ED3486E-9502-4C59-AB4E-FA26F748D5A4}.Debug|Any CPU.Build.0 = Debug|Any CPU
		{0ED3486E-9502-4C59-AB4E-FA26F748D5A4}.Release|Any CPU.ActiveCfg = Release|Any CPU
		{0ED3486E-9502-4C59-AB4E-FA26F748D5A4}.Release|Any CPU.Build.0 = Release|Any CPU
	EndGlobalSection
	GlobalSection(SolutionProperties) = preSolution
		HideSolutionNode = FALSE
	EndGlobalSection
	GlobalSection(ExtensibilityGlobals) = postSolution
		SolutionGuid = {A31E3F12-615D-4445-91C9-FCF645186AF5}
	EndGlobalSection
EndGlobal
